# THIS IS AN AUTOGENERATED FILE. DO NOT EDIT THIS FILE DIRECTLY.
# yarn lockfile v1


"@types/fs-extra@^9.0.1":
  version "9.0.4"
  resolved "http://registry.npm.souche-inc.com/@types/fs-extra/download/@types/fs-extra-9.0.4.tgz#12553138cf0438db9a31cdc8b0a3aa9332eb67aa"
  integrity sha1-ElUxOM8EONuaMc3IsKOqkzLrZ6o=
  dependencies:
    "@types/node" "*"

"@types/lodash@^4.14.150":
  version "4.14.165"
  resolved "http://registry.npm.souche-inc.com/@types/lodash/download/@types/lodash-4.14.165.tgz#74d55d947452e2de0742bad65270433b63a8c30f"
  integrity sha1-dNVdlHRS4t4HQrrWUnBDO2Ooww8=

"@types/node@*":
  version "14.14.10"
  resolved "http://registry.npm.souche-inc.com/@types/node/download/@types/node-14.14.10.tgz#5958a82e41863cfc71f2307b3748e3491ba03785"
  integrity sha1-WVioLkGGPPxx8jB7N0jjSRugN4U=

"@yarnpkg/lockfile@^1.1.0":
  version "1.1.0"
  resolved "http://registry.npm.souche-inc.com/@yarnpkg/lockfile/download/@yarnpkg/lockfile-1.1.0.tgz#e77a97fbd345b76d83245edcd17d393b1b41fb31"
  integrity sha1-53qX+9NFt22DJF7c0X05OxtB+zE=

at-least-node@^1.0.0:
  version "1.0.0"
  resolved "http://registry.npm.souche-inc.com/at-least-node/download/at-least-node-1.0.0.tgz#602cd4b46e844ad4effc92a8011a3c46e0238dc2"
  integrity sha1-YCzUtG6EStTv/JKoARo8RuAjjcI=

axios@^0.19.2:
  version "0.19.2"
  resolved "http://registry.npm.souche-inc.com/axios/download/axios-0.19.2.tgz#3ea36c5d8818d0d5f8a8a97a6d36b86cdc00cb27"
  integrity sha1-PqNsXYgY0NX4qKl6bTa4bNwAyyc=
  dependencies:
    follow-redirects "1.5.10"

debug@=3.1.0:
  version "3.1.0"
  resolved "http://registry.npm.souche-inc.com/debug/download/debug-3.1.0.tgz#5bb5a0672628b64149566ba16819e61518c67261"
  integrity sha1-W7WgZyYotkFJVmuhaBnmFRjGcmE=
  dependencies:
    ms "2.0.0"

decode-uri-component@^0.2.0:
  version "0.2.0"
  resolved "http://registry.npm.souche-inc.com/decode-uri-component/download/decode-uri-component-0.2.0.tgz#eb3913333458775cb84cd1a1fae062106bb87545"
  integrity sha1-6zkTMzRYd1y4TNGh+uBiEGu4dUU=

follow-redirects@1.5.10:
  version "1.5.10"
  resolved "http://registry.npm.souche-inc.com/follow-redirects/download/follow-redirects-1.5.10.tgz#7b7a9f9aea2fdff36786a94ff643ed07f4ff5e2a"
  integrity sha1-e3qfmuov3/NnhqlP9kPtB/T/Xio=
  dependencies:
    debug "=3.1.0"

fs-extra@^9.0.0:
  version "9.0.1"
  resolved "http://registry.npm.souche-inc.com/fs-extra/download/fs-extra-9.0.1.tgz#910da0062437ba4c39fedd863f1675ccfefcb9fc"
  integrity sha1-kQ2gBiQ3ukw5/t2GPxZ1zP78ufw=
  dependencies:
    at-least-node "^1.0.0"
    graceful-fs "^4.2.0"
    jsonfile "^6.0.1"
    universalify "^1.0.0"

graceful-fs@^4.1.6, graceful-fs@^4.2.0:
  version "4.2.4"
  resolved "http://registry.npm.souche-inc.com/graceful-fs/download/graceful-fs-4.2.4.tgz#2256bde14d3632958c465ebc96dc467ca07a29fb"
  integrity sha1-Ila94U02MpWMRl68ltxGfKB6Kfs=

jsonfile@^6.0.1:
  version "6.1.0"
  resolved "http://registry.npm.souche-inc.com/jsonfile/download/jsonfile-6.1.0.tgz#bc55b2634793c679ec6403094eb13698a6ec0aae"
  integrity sha1-vFWyY0eTxnnsZAMJTrE2mKbsCq4=
  dependencies:
    universalify "^2.0.0"
  optionalDependencies:
    graceful-fs "^4.1.6"

lodash@^4.17.15:
  version "4.17.20"
  resolved "http://registry.npm.souche-inc.com/lodash/download/lodash-4.17.20.tgz#b44a9b6297bcb698f1c51a3545a2b3b368d59c52"
  integrity sha1-tEqbYpe8tpjxxRo1RaKzs2jVnFI=

ms@2.0.0:
  version "2.0.0"
  resolved "http://registry.npm.souche-inc.com/ms/download/ms-2.0.0.tgz#5608aeadfc00be6c2901df5f9861788de0d597c8"
  integrity sha1-VgiurfwAvmwpAd9fmGF4jeDVl8g=

parse-package-name@^0.1.0:
  version "0.1.0"
  resolved "http://registry.npm.souche-inc.com/parse-package-name/download/parse-package-name-0.1.0.tgz#3f44dd838feb4c2be4bf318bae4477d7706bade4"
  integrity sha1-P0Tdg4/rTCvkvzGLrkR313BrreQ=

query-string@^6.13.1:
  version "6.13.7"
  resolved "http://registry.npm.souche-inc.com/query-string/download/query-string-6.13.7.tgz#af53802ff6ed56f3345f92d40a056f93681026ee"
  integrity sha1-r1OAL/btVvM0X5LUCgVvk2gQJu4=
  dependencies:
    decode-uri-component "^0.2.0"
    split-on-first "^1.0.0"
    strict-uri-encode "^2.0.0"

split-on-first@^1.0.0:
  version "1.1.0"
  resolved "http://registry.npm.souche-inc.com/split-on-first/download/split-on-first-1.1.0.tgz#f610afeee3b12bce1d0c30425e76398b78249a5f"
  integrity sha1-9hCv7uOxK84dDDBCXnY5i3gkml8=

strict-uri-encode@^2.0.0:
  version "2.0.0"
  resolved "http://registry.npm.souche-inc.com/strict-uri-encode/download/strict-uri-encode-2.0.0.tgz#b9c7330c7042862f6b142dc274bbcc5866ce3546"
  integrity sha1-ucczDHBChi9rFC3CdLvMWGbONUY=

tslib@^2.0.0:
  version "2.0.3"
  resolved "http://registry.npm.souche-inc.com/tslib/download/tslib-2.0.3.tgz#8e0741ac45fc0c226e58a17bfc3e64b9bc6ca61c"
  integrity sha1-jgdBrEX8DCJuWKF7/D5kubxsphw=

universalify@^1.0.0:
  version "1.0.0"
  resolved "http://registry.npm.souche-inc.com/universalify/download/universalify-1.0.0.tgz#b61a1da173e8435b2fe3c67d29b9adf8594bd16d"
  integrity sha1-thodoXPoQ1sv48Z9Kbmt+FlL0W0=

universalify@^2.0.0:
  version "2.0.0"
  resolved "http://registry.npm.souche-inc.com/universalify/download/universalify-2.0.0.tgz#75a4984efedc4b08975c5aeb73f530d02df25717"
  integrity sha1-daSYTv7cSwiXXFrrc/Uw0C3yVxc=
