# THIS IS AN AUTOGENERATED FILE. DO NOT EDIT THIS FILE DIRECTLY.
# yarn lockfile v1


commander@^4.1.1:
  version "4.1.1"
  resolved "http://registry.npm.souche-inc.com/commander/download/commander-4.1.1.tgz#9fd602bd936294e9e9ef46a3f4d6964044b18068"
  integrity sha1-n9YCvZNilOnp70aj9NaWQESxgGg=

path-parse@^1.0.6:
  version "1.0.6"
  resolved "http://registry.npm.souche-inc.com/path-parse/download/path-parse-1.0.6.tgz#d62dbb5679405d72c4737ec58600e9ddcf06d24c"
  integrity sha1-1i27VnlAXXLEc37FhgDp3c8G0kw=

resolve@^1.15.1:
  version "1.15.1"
  resolved "http://registry.npm.souche-inc.com/resolve/download/resolve-1.15.1.tgz#27bdcdeffeaf2d6244b95bb0f9f4b4653451f3e8"
  integrity sha1-J73N7/6vLWJEuVuw+fS0ZTRR8+g=
  dependencies:
    path-parse "^1.0.6"

tslib@^1.11.1:
  version "1.11.1"
  resolved "http://registry.npm.souche-inc.com/tslib/download/tslib-1.11.1.tgz#eb15d128827fbee2841549e171f45ed338ac7e35"
  integrity sha1-6xXRKIJ/vuKEFUnhcfRe0zisfjU=
