# THIS IS AN AUTOGENERATED FILE. DO NOT EDIT THIS FILE DIRECTLY.
# yarn lockfile v1


"@hapi/address@^4.0.1":
  version "4.1.0"
  resolved "http://registry.npm.souche-inc.com/@hapi/address/download/@hapi/address-4.1.0.tgz#d60c5c0d930e77456fdcde2598e77302e2955e1d"
  integrity sha1-1gxcDZMOd0Vv3N4lmOdzAuKVXh0=
  dependencies:
    "@hapi/hoek" "^9.0.0"

"@hapi/formula@^2.0.0":
  version "2.0.0"
  resolved "http://registry.npm.souche-inc.com/@hapi/formula/download/@hapi/formula-2.0.0.tgz#edade0619ed58c8e4f164f233cda70211e787128"
  integrity sha1-7a3gYZ7VjI5PFk8jPNpwIR54cSg=

"@hapi/hoek@^9.0.0":
  version "9.1.0"
  resolved "http://registry.npm.souche-inc.com/@hapi/hoek/download/@hapi/hoek-9.1.0.tgz#6c9eafc78c1529248f8f4d92b0799a712b6052c6"
  integrity sha1-bJ6vx4wVKSSPj02SsHmacStgUsY=

"@hapi/joi@^17.1.1":
  version "17.1.1"
  resolved "http://registry.npm.souche-inc.com/@hapi/joi/download/@hapi/joi-17.1.1.tgz#9cc8d7e2c2213d1e46708c6260184b447c661350"
  integrity sha1-nMjX4sIhPR5GcIxiYBhLRHxmE1A=
  dependencies:
    "@hapi/address" "^4.0.1"
    "@hapi/formula" "^2.0.0"
    "@hapi/hoek" "^9.0.0"
    "@hapi/pinpoint" "^2.0.0"
    "@hapi/topo" "^5.0.0"

"@hapi/pinpoint@^2.0.0":
  version "2.0.0"
  resolved "http://registry.npm.souche-inc.com/@hapi/pinpoint/download/@hapi/pinpoint-2.0.0.tgz#805b40d4dbec04fc116a73089494e00f073de8df"
  integrity sha1-gFtA1NvsBPwRanMIlJTgDwc96N8=

"@hapi/topo@^5.0.0":
  version "5.0.0"
  resolved "http://registry.npm.souche-inc.com/@hapi/topo/download/@hapi/topo-5.0.0.tgz#c19af8577fa393a06e9c77b60995af959be721e7"
  integrity sha1-wZr4V3+jk6BunHe2CZWvlZvnIec=
  dependencies:
    "@hapi/hoek" "^9.0.0"
